# This file was autogenerated by Stack.
# You should not edit this file by hand.
# For more information, please see the documentation at:
#   https://docs.haskellstack.org/en/stable/lock_files

packages:
- completed:
    cabal-file:
      size: 860
      sha256: a015e6b58ef0ce03b74302db76a9969f1496fca6b626409b9ef37194fedc7a47
    name: zipp
    version: 0.1.0.0
    git: git@github.com:serokell/zipp.git
    pantry-tree:
      size: 409
      sha256: 40ad77dcd97d5dee95142d13604503a3291edfda6761b0780ec150330137c478
    commit: 3c55c887845a01d12874264bf0af1cb21f9e6d5f
  original:
    git: git@github.com:serokell/zipp.git
    commit: 3c55c887845a01d12874264bf0af1cb21f9e6d5f
snapshots:
- completed:
    size: 523443
    url: https://raw.githubusercontent.com/commercialhaskell/stackage-snapshots/master/lts/14/0.yaml
    sha256: 283773e7120f5446d961eab35ea95c9af9c24187cc178537bd29273200a05171
  original: lts-14.0
